
Microsoft Visual Studio Solution File, Format Version 12.00
# Visual Studio Version 17
VisualStudioVersion = 17.13.35818.85 d17.13
MinimumVisualStudioVersion = 10.0.40219.1
Project("{FAE04EC0-301F-11D3-BF4B-00C04F79EFBC}") = "TodoApp", "To do list\TodoApp.csproj", "{21952A1C-114E-4FB2-BC50-17811ED78BE8}"
EndProject
Global
	GlobalSection(SolutionConfigurationPlatforms) = preSolution
		Debug|Any CPU = Debug|Any CPU
		Release|Any CPU = Release|Any CPU
	EndGlobalSection
	GlobalSection(ProjectConfigurationPlatforms) = postSolution
		{21952A1C-114E-4FB2-BC50-17811ED78BE8}.Debug|Any CPU.ActiveCfg = Debug|Any CPU
		{21952A1C-114E-4FB2-BC50-17811ED78BE8}.Debug|Any CPU.Build.0 = Debug|Any CPU
		{21952A1C-114E-4FB2-BC50-17811ED78BE8}.Release|Any CPU.ActiveCfg = Release|Any CPU
		{21952A1C-114E-4FB2-BC50-17811ED78BE8}.Release|Any CPU.Build.0 = Release|Any CPU
	EndGlobalSection
	GlobalSection(SolutionProperties) = preSolution
		HideSolutionNode = FALSE
	EndGlobalSection
	GlobalSection(ExtensibilityGlobals) = postSolution
		SolutionGuid = {EC2D31E6-F34D-4657-82C1-02E53943CBE2}
	EndGlobalSection
EndGlobal
